
Microsoft Visual Studio Solution File, Format Version 12.00
# Visual Studio 2017
Project("{FAE04EC0-301F-11D3-BF4B-00C04F79EFBC}") = "New-Shorts", "New-Shorts.csproj", "{C86268BC-AA7D-4046-9B19-5AC6CE77C754}"
EndProject
Global
	GlobalSection(SolutionConfigurationPlatforms) = preSolution
		Debug|Any CPU = Debug|Any CPU
		Release|Any CPU = Release|Any CPU
	EndGlobalSection
	GlobalSection(ProjectConfigurationPlatforms) = postSolution
		{C86268BC-AA7D-4046-9B19-5AC6CE77C754}.Debug|Any CPU.ActiveCfg = Debug|Any CPU
		{C86268BC-AA7D-4046-9B19-5AC6CE77C754}.Debug|Any CPU.Build.0 = Debug|Any CPU
		{C86268BC-AA7D-4046-9B19-5AC6CE77C754}.Release|Any CPU.ActiveCfg = Release|Any CPU
		{C86268BC-AA7D-4046-9B19-5AC6CE77C754}.Release|Any CPU.Build.0 = Release|Any CPU
	EndGlobalSection
EndGlobal
